
Microsoft Visual Studio Solution File, Format Version 12.00
# Visual Studio Version 16
VisualStudioVersion = 16.0.30406.217
MinimumVisualStudioVersion = 10.0.40219.1
Project("{FAE04EC0-301F-11D3-BF4B-00C04F79EFBC}") = "DiceGame", "DiceGame\DiceGame.csproj", "{81D1D300-25B1-4072-B5CA-ED913D18F360}"
EndProject
Global
	GlobalSection(SolutionConfigurationPlatforms) = preSolution
		Debug|Any CPU = Debug|Any CPU
		Release|Any CPU = Release|Any CPU
	EndGlobalSection
	GlobalSection(ProjectConfigurationPlatforms) = postSolution
		{81D1D300-25B1-4072-B5CA-ED913D18F360}.Debug|Any CPU.ActiveCfg = Debug|Any CPU
		{81D1D300-25B1-4072-B5CA-ED913D18F360}.Debug|Any CPU.Build.0 = Debug|Any CPU
		{81D1D300-25B1-4072-B5CA-ED913D18F360}.Release|Any CPU.ActiveCfg = Release|Any CPU
		{81D1D300-25B1-4072-B5CA-ED913D18F360}.Release|Any CPU.Build.0 = Release|Any CPU
	EndGlobalSection
	GlobalSection(SolutionProperties) = preSolution
		HideSolutionNode = FALSE
	EndGlobalSection
	GlobalSection(ExtensibilityGlobals) = postSolution
		SolutionGuid = {DE499987-22C5-4F2D-BEAC-EBD5E8D8EF26}
	EndGlobalSection
EndGlobal
